{
  "name": "@protagonists/cry_vs",
  "version": "1.1.6",
  "lockfileVersion": 2,
  "requires": true,
  "packages": {
    "": {
      "name": "@protagonists/cry_vs",
      "version": "1.1.6",
      "license": "ISC",
      "dependencies": {
        "@protagonists/emitter": "^1.0.8",
        "@protagonists/https": "^1.0.3",
        "@protagonists/logger": "^1.0.7",
        "dotenv": "^16.0.1"
      }
    },
    "node_modules/@protagonists/coerce": {
      "version": "1.0.8",
      "resolved": "https://registry.npmjs.org/@protagonists/coerce/-/coerce-1.0.8.tgz",
      "integrity": "sha512-XurCfW7dmV2BIU1XyMSpHreDlf4MBoAHi8R2vOo3Z1dUWWWoNLCaexTWi3fZj4NwcbxXTP3BR4xPc85OVOA3JA==",
      "dependencies": {
        "@protagonists/deep": "^1.0.2"
      }
    },
    "node_modules/@protagonists/deep": {
      "version": "1.0.3",
      "resolved": "https://registry.npmjs.org/@protagonists/deep/-/deep-1.0.3.tgz",
      "integrity": "sha512-6/lVvM+z/W+BMapuYJnBFVUFCpcW2RN0PuBAgiRH5NoaBjPSI4ULDpijv7VDxlWYm2vFaNfscD9O/UrbjawtlQ=="
    },
    "node_modules/@protagonists/emitter": {
      "version": "1.1.1",
      "resolved": "https://registry.npmjs.org/@protagonists/emitter/-/emitter-1.1.1.tgz",
      "integrity": "sha512-NgYYLSIj14dqE7dV4sgxQBc+9l9VmhbehKenY+6WIF91AN/zqa97iB5GhKGvnciI10b9pPBKT2gF6i+FEUk6oQ==",
      "dependencies": {
        "@protagonists/coerce": "^1.0.8"
      }
    },
    "node_modules/@protagonists/https": {
      "version": "1.0.3",
      "resolved": "https://registry.npmjs.org/@protagonists/https/-/https-1.0.3.tgz",
      "integrity": "sha512-gQLvTl2KOAFFO/JhEcurbopw9X93F+iKruWyD0iSq2EO1YrDOoARJdWs+JMQePKGP1TDTPVZNZKp0pKr2NAHww==",
      "dependencies": {
        "@protagonists/coerce": "^1.0.8"
      }
    },
    "node_modules/@protagonists/logger": {
      "version": "1.0.7",
      "resolved": "https://registry.npmjs.org/@protagonists/logger/-/logger-1.0.7.tgz",
      "integrity": "sha512-CN8MyXpqaXMWDOxHJqkGPNu1s2eUdRLu6x5++SRtbbU7Ds1iEE0fFzfitPboc0UN+DSwhpMyVpNbyQkfKHODSw==",
      "dependencies": {
        "@protagonists/coerce": "^1.0.8",
        "@protagonists/emitter": "^1.1.1"
      }
    },
    "node_modules/dotenv": {
      "version": "16.0.1",
      "resolved": "https://registry.npmjs.org/dotenv/-/dotenv-16.0.1.tgz",
      "integrity": "sha512-1K6hR6wtk2FviQ4kEiSjFiH5rpzEVi8WW0x96aztHVMhEspNpc4DVOUTEHtEva5VThQ8IaBX1Pe4gSzpVVUsKQ==",
      "engines": {
        "node": ">=12"
      }
    }
  },
  "dependencies": {
    "@protagonists/coerce": {
      "version": "1.0.8",
      "resolved": "https://registry.npmjs.org/@protagonists/coerce/-/coerce-1.0.8.tgz",
      "integrity": "sha512-XurCfW7dmV2BIU1XyMSpHreDlf4MBoAHi8R2vOo3Z1dUWWWoNLCaexTWi3fZj4NwcbxXTP3BR4xPc85OVOA3JA==",
      "requires": {
        "@protagonists/deep": "^1.0.2"
      }
    },
    "@protagonists/deep": {
      "version": "1.0.3",
      "resolved": "https://registry.npmjs.org/@protagonists/deep/-/deep-1.0.3.tgz",
      "integrity": "sha512-6/lVvM+z/W+BMapuYJnBFVUFCpcW2RN0PuBAgiRH5NoaBjPSI4ULDpijv7VDxlWYm2vFaNfscD9O/UrbjawtlQ=="
    },
    "@protagonists/emitter": {
      "version": "1.1.1",
      "resolved": "https://registry.npmjs.org/@protagonists/emitter/-/emitter-1.1.1.tgz",
      "integrity": "sha512-NgYYLSIj14dqE7dV4sgxQBc+9l9VmhbehKenY+6WIF91AN/zqa97iB5GhKGvnciI10b9pPBKT2gF6i+FEUk6oQ==",
      "requires": {
        "@protagonists/coerce": "^1.0.8"
      }
    },
    "@protagonists/https": {
      "version": "1.0.3",
      "resolved": "https://registry.npmjs.org/@protagonists/https/-/https-1.0.3.tgz",
      "integrity": "sha512-gQLvTl2KOAFFO/JhEcurbopw9X93F+iKruWyD0iSq2EO1YrDOoARJdWs+JMQePKGP1TDTPVZNZKp0pKr2NAHww==",
      "requires": {
        "@protagonists/coerce": "^1.0.8"
      }
    },
    "@protagonists/logger": {
      "version": "1.0.7",
      "resolved": "https://registry.npmjs.org/@protagonists/logger/-/logger-1.0.7.tgz",
      "integrity": "sha512-CN8MyXpqaXMWDOxHJqkGPNu1s2eUdRLu6x5++SRtbbU7Ds1iEE0fFzfitPboc0UN+DSwhpMyVpNbyQkfKHODSw==",
      "requires": {
        "@protagonists/coerce": "^1.0.8",
        "@protagonists/emitter": "^1.1.1"
      }
    },
    "dotenv": {
      "version": "16.0.1",
      "resolved": "https://registry.npmjs.org/dotenv/-/dotenv-16.0.1.tgz",
      "integrity": "sha512-1K6hR6wtk2FviQ4kEiSjFiH5rpzEVi8WW0x96aztHVMhEspNpc4DVOUTEHtEva5VThQ8IaBX1Pe4gSzpVVUsKQ=="
    }
  }
}
