{
  "name": "@protagonists/cry_vs",
  "version": "1.1.5",
  "lockfileVersion": 1,
  "requires": true,
  "dependencies": {
    "@protagonists/emitter": {
      "version": "1.0.2",
      "resolved": "https://registry.npmjs.org/@protagonists/emitter/-/emitter-1.0.2.tgz",
      "integrity": "sha512-R47ntuE9dinV6lWu6zJmdn3+c+sH9210N4TLCaOcloYOZCQNBjhn1w1LDsFkaftcSFjB06kzEiRNUYaJSBLI2w=="
    },
    "@protagonists/https": {
      "version": "1.0.0",
      "resolved": "https://registry.npmjs.org/@protagonists/https/-/https-1.0.0.tgz",
      "integrity": "sha512-P2QNwP0D1ht7vzb8EGRQsxAME7880nCu1uKoFPX5hZPVcKyOdT+nRZ8melXBBYoF4acKjN6ywDLnBOgL8OI9ag=="
    },
    "@protagonists/logger": {
      "version": "1.0.3",
      "resolved": "https://registry.npmjs.org/@protagonists/logger/-/logger-1.0.3.tgz",
      "integrity": "sha512-eSo+YdP/YOlDvz50DSwZV5Re3FdYDvGwE1Qln4l3s9joOrT/Rb8K4kNpiMp89PQjqqcb5MhbAFqtZWxC8mTTxA==",
      "requires": {
        "@protagonists/emitter": "^1.0.2"
      }
    }
  }
}
